
Microsoft Visual Studio Solution File, Format Version 12.00
# Visual Studio Version 17
VisualStudioVersion = 17.4.33122.133
MinimumVisualStudioVersion = 10.0.40219.1
Project("{9A19103F-16F7-4668-BE54-9A1E7A4F7556}") = "Day5", "Day5\Day5.csproj", "{FED44D61-5D86-4A4D-8805-39A752B42BEF}"
EndProject
Global
	GlobalSection(SolutionConfigurationPlatforms) = preSolution
		Debug|Any CPU = Debug|Any CPU
		Release|Any CPU = Release|Any CPU
	EndGlobalSection
	GlobalSection(ProjectConfigurationPlatforms) = postSolution
		{FED44D61-5D86-4A4D-8805-39A752B42BEF}.Debug|Any CPU.ActiveCfg = Debug|Any CPU
		{FED44D61-5D86-4A4D-8805-39A752B42BEF}.Debug|Any CPU.Build.0 = Debug|Any CPU
		{FED44D61-5D86-4A4D-8805-39A752B42BEF}.Release|Any CPU.ActiveCfg = Release|Any CPU
		{FED44D61-5D86-4A4D-8805-39A752B42BEF}.Release|Any CPU.Build.0 = Release|Any CPU
	EndGlobalSection
	GlobalSection(SolutionProperties) = preSolution
		HideSolutionNode = FALSE
	EndGlobalSection
	GlobalSection(ExtensibilityGlobals) = postSolution
		SolutionGuid = {9278B757-9B26-48F1-A800-6F1AC87243A8}
	EndGlobalSection
EndGlobal
